// !$*UTF8*$!
{
	archiveVersion = 1;
	classes = {
	};
	objectVersion = 46;
	objects = {

/* Begin PBXBuildFile section */
		3122159E1AC91AAE0095086A /* Modern Serif Eroded.ttf in Resources */ = {isa = PBXBuildFile; fileRef = 3122159D1AC91AAE0095086A /* Modern Serif Eroded.ttf */; };
		312215A01AC91BD20095086A /* Planewalker.otf in Resources */ = {isa = PBXBuildFile; fileRef = 3122159F1AC91BD20095086A /* Planewalker.otf */; };
		313FC4B51AC4F385007B58E1 /* SavedGameData.m in Sources */ = {isa = PBXBuildFile; fileRef = 313FC4B41AC4F385007B58E1 /* SavedGameData.m */; };
		313FC4B81AC4FA80007B58E1 /* Knight.m in Sources */ = {isa = PBXBuildFile; fileRef = 313FC4B71AC4FA80007B58E1 /* Knight.m */; };
		3166DAFD1AC6594C000E48D6 /* Knights Quest.ttf in Resources */ = {isa = PBXBuildFile; fileRef = 3166DAFC1AC6594C000E48D6 /* Knights Quest.ttf */; };
		3166DB001AC65A3D000E48D6 /* Connector.m in Sources */ = {isa = PBXBuildFile; fileRef = 3166DAFF1AC65A3D000E48D6 /* Connector.m */; };
		31858D9F1AC0C46000426C57 /* main.m in Sources */ = {isa = PBXBuildFile; fileRef = 31858D9E1AC0C46000426C57 /* main.m */; };
		31858DA21AC0C46000426C57 /* AppDelegate.m in Sources */ = {isa = PBXBuildFile; fileRef = 31858DA11AC0C46000426C57 /* AppDelegate.m */; };
		31858DA51AC0C46000426C57 /* MainMenuViewController.m in Sources */ = {isa = PBXBuildFile; fileRef = 31858DA41AC0C46000426C57 /* MainMenuViewController.m */; };
		31858DA81AC0C46000426C57 /* Main.storyboard in Resources */ = {isa = PBXBuildFile; fileRef = 31858DA61AC0C46000426C57 /* Main.storyboard */; };
		31858DAA1AC0C46000426C57 /* Images.xcassets in Resources */ = {isa = PBXBuildFile; fileRef = 31858DA91AC0C46000426C57 /* Images.xcassets */; };
		31858DC41AC0C90200426C57 /* QuestionnaireViewController.m in Sources */ = {isa = PBXBuildFile; fileRef = 31858DC31AC0C90200426C57 /* QuestionnaireViewController.m */; };
		31858DC71AC0D71000426C57 /* CharacterCreationOverviewViewController.m in Sources */ = {isa = PBXBuildFile; fileRef = 31858DC61AC0D71000426C57 /* CharacterCreationOverviewViewController.m */; };
		31FA00911AC9F7A20079A4E1 /* CharacterCreationStatsViewController.m in Sources */ = {isa = PBXBuildFile; fileRef = 31FA00901AC9F7A20079A4E1 /* CharacterCreationStatsViewController.m */; };
		31FA00951AC9FE9D0079A4E1 /* LoadSaveGameViewController.m in Sources */ = {isa = PBXBuildFile; fileRef = 31FA00941AC9FE9D0079A4E1 /* LoadSaveGameViewController.m */; };
		31FA00981ACA27100079A4E1 /* RogueClass.m in Sources */ = {isa = PBXBuildFile; fileRef = 31FA00971ACA27100079A4E1 /* RogueClass.m */; };
		31FA009C1ACA2A590079A4E1 /* BerserkerClass.m in Sources */ = {isa = PBXBuildFile; fileRef = 31FA009B1ACA2A590079A4E1 /* BerserkerClass.m */; };
		31FA009F1ACA33500079A4E1 /* MageClass.m in Sources */ = {isa = PBXBuildFile; fileRef = 31FA009E1ACA33500079A4E1 /* MageClass.m */; };
		31FA00A21ACA340A0079A4E1 /* AssassinClass.m in Sources */ = {isa = PBXBuildFile; fileRef = 31FA00A11ACA340A0079A4E1 /* AssassinClass.m */; };
		31FA00A51ACA34220079A4E1 /* WarriorClass.m in Sources */ = {isa = PBXBuildFile; fileRef = 31FA00A41ACA34220079A4E1 /* WarriorClass.m */; };
		31FA00A81ACA342F0079A4E1 /* TemplarClass.m in Sources */ = {isa = PBXBuildFile; fileRef = 31FA00A71ACA342F0079A4E1 /* TemplarClass.m */; };
/* End PBXBuildFile section */

/* Begin PBXFileReference section */
		3122159D1AC91AAE0095086A /* Modern Serif Eroded.ttf */ = {isa = PBXFileReference; lastKnownFileType = file; name = "Modern Serif Eroded.ttf"; path = "../Modern Serif Eroded.ttf"; sourceTree = "<group>"; };
		3122159F1AC91BD20095086A /* Planewalker.otf */ = {isa = PBXFileReference; lastKnownFileType = file; name = Planewalker.otf; path = ../Planewalker.otf; sourceTree = "<group>"; };
		313FC4B31AC4F385007B58E1 /* SavedGameData.h */ = {isa = PBXFileReference; fileEncoding = 4; lastKnownFileType = sourcecode.c.h; path = SavedGameData.h; sourceTree = "<group>"; };
		313FC4B41AC4F385007B58E1 /* SavedGameData.m */ = {isa = PBXFileReference; fileEncoding = 4; lastKnownFileType = sourcecode.c.objc; path = SavedGameData.m; sourceTree = "<group>"; };
		313FC4B61AC4FA80007B58E1 /* Knight.h */ = {isa = PBXFileReference; fileEncoding = 4; lastKnownFileType = sourcecode.c.h; path = Knight.h; sourceTree = "<group>"; };
		313FC4B71AC4FA80007B58E1 /* Knight.m */ = {isa = PBXFileReference; fileEncoding = 4; lastKnownFileType = sourcecode.c.objc; path = Knight.m; sourceTree = "<group>"; };
		3166DAFC1AC6594C000E48D6 /* Knights Quest.ttf */ = {isa = PBXFileReference; lastKnownFileType = file; path = "Knights Quest.ttf"; sourceTree = "<group>"; };
		3166DAFE1AC65A3D000E48D6 /* Connector.h */ = {isa = PBXFileReference; fileEncoding = 4; lastKnownFileType = sourcecode.c.h; path = Connector.h; sourceTree = "<group>"; };
		3166DAFF1AC65A3D000E48D6 /* Connector.m */ = {isa = PBXFileReference; fileEncoding = 4; lastKnownFileType = sourcecode.c.objc; path = Connector.m; sourceTree = "<group>"; };
		31858D991AC0C46000426C57 /* Knight's Fugue.app */ = {isa = PBXFileReference; explicitFileType = wrapper.application; includeInIndex = 0; path = "Knight's Fugue.app"; sourceTree = BUILT_PRODUCTS_DIR; };
		31858D9D1AC0C46000426C57 /* Info.plist */ = {isa = PBXFileReference; lastKnownFileType = text.plist.xml; path = Info.plist; sourceTree = "<group>"; };
		31858D9E1AC0C46000426C57 /* main.m */ = {isa = PBXFileReference; lastKnownFileType = sourcecode.c.objc; path = main.m; sourceTree = "<group>"; };
		31858DA01AC0C46000426C57 /* AppDelegate.h */ = {isa = PBXFileReference; lastKnownFileType = sourcecode.c.h; path = AppDelegate.h; sourceTree = "<group>"; };
		31858DA11AC0C46000426C57 /* AppDelegate.m */ = {isa = PBXFileReference; lastKnownFileType = sourcecode.c.objc; path = AppDelegate.m; sourceTree = "<group>"; };
		31858DA31AC0C46000426C57 /* MainMenuViewController.h */ = {isa = PBXFileReference; lastKnownFileType = sourcecode.c.h; path = MainMenuViewController.h; sourceTree = "<group>"; };
		31858DA41AC0C46000426C57 /* MainMenuViewController.m */ = {isa = PBXFileReference; lastKnownFileType = sourcecode.c.objc; path = MainMenuViewController.m; sourceTree = "<group>"; };
		31858DA71AC0C46000426C57 /* Base */ = {isa = PBXFileReference; lastKnownFileType = file.storyboard; name = Base; path = Base.lproj/Main.storyboard; sourceTree = "<group>"; };
		31858DA91AC0C46000426C57 /* Images.xcassets */ = {isa = PBXFileReference; lastKnownFileType = folder.assetcatalog; path = Images.xcassets; sourceTree = "<group>"; };
		31858DC21AC0C90200426C57 /* QuestionnaireViewController.h */ = {isa = PBXFileReference; fileEncoding = 4; lastKnownFileType = sourcecode.c.h; path = QuestionnaireViewController.h; sourceTree = "<group>"; };
		31858DC31AC0C90200426C57 /* QuestionnaireViewController.m */ = {isa = PBXFileReference; fileEncoding = 4; lastKnownFileType = sourcecode.c.objc; path = QuestionnaireViewController.m; sourceTree = "<group>"; };
		31858DC51AC0D71000426C57 /* CharacterCreationOverviewViewController.h */ = {isa = PBXFileReference; fileEncoding = 4; lastKnownFileType = sourcecode.c.h; path = CharacterCreationOverviewViewController.h; sourceTree = "<group>"; };
		31858DC61AC0D71000426C57 /* CharacterCreationOverviewViewController.m */ = {isa = PBXFileReference; fileEncoding = 4; lastKnownFileType = sourcecode.c.objc; path = CharacterCreationOverviewViewController.m; sourceTree = "<group>"; };
		31FA008F1AC9F7A20079A4E1 /* CharacterCreationStatsViewController.h */ = {isa = PBXFileReference; fileEncoding = 4; lastKnownFileType = sourcecode.c.h; path = CharacterCreationStatsViewController.h; sourceTree = "<group>"; };
		31FA00901AC9F7A20079A4E1 /* CharacterCreationStatsViewController.m */ = {isa = PBXFileReference; fileEncoding = 4; lastKnownFileType = sourcecode.c.objc; path = CharacterCreationStatsViewController.m; sourceTree = "<group>"; };
		31FA00931AC9FE9D0079A4E1 /* LoadSaveGameViewController.h */ = {isa = PBXFileReference; fileEncoding = 4; lastKnownFileType = sourcecode.c.h; path = LoadSaveGameViewController.h; sourceTree = "<group>"; };
		31FA00941AC9FE9D0079A4E1 /* LoadSaveGameViewController.m */ = {isa = PBXFileReference; fileEncoding = 4; lastKnownFileType = sourcecode.c.objc; path = LoadSaveGameViewController.m; sourceTree = "<group>"; };
		31FA00961ACA27100079A4E1 /* RogueClass.h */ = {isa = PBXFileReference; fileEncoding = 4; lastKnownFileType = sourcecode.c.h; name = RogueClass.h; path = ../RogueClass.h; sourceTree = "<group>"; };
		31FA00971ACA27100079A4E1 /* RogueClass.m */ = {isa = PBXFileReference; fileEncoding = 4; lastKnownFileType = sourcecode.c.objc; name = RogueClass.m; path = ../RogueClass.m; sourceTree = "<group>"; };
		31FA009A1ACA2A590079A4E1 /* BerserkerClass.h */ = {isa = PBXFileReference; fileEncoding = 4; lastKnownFileType = sourcecode.c.h; path = BerserkerClass.h; sourceTree = "<group>"; };
		31FA009B1ACA2A590079A4E1 /* BerserkerClass.m */ = {isa = PBXFileReference; fileEncoding = 4; lastKnownFileType = sourcecode.c.objc; path = BerserkerClass.m; sourceTree = "<group>"; };
		31FA009D1ACA33500079A4E1 /* MageClass.h */ = {isa = PBXFileReference; fileEncoding = 4; lastKnownFileType = sourcecode.c.h; path = MageClass.h; sourceTree = "<group>"; };
		31FA009E1ACA33500079A4E1 /* MageClass.m */ = {isa = PBXFileReference; fileEncoding = 4; lastKnownFileType = sourcecode.c.objc; path = MageClass.m; sourceTree = "<group>"; };
		31FA00A01ACA340A0079A4E1 /* AssassinClass.h */ = {isa = PBXFileReference; fileEncoding = 4; lastKnownFileType = sourcecode.c.h; path = AssassinClass.h; sourceTree = "<group>"; };
		31FA00A11ACA340A0079A4E1 /* AssassinClass.m */ = {isa = PBXFileReference; fileEncoding = 4; lastKnownFileType = sourcecode.c.objc; path = AssassinClass.m; sourceTree = "<group>"; };
		31FA00A31ACA34220079A4E1 /* WarriorClass.h */ = {isa = PBXFileReference; fileEncoding = 4; lastKnownFileType = sourcecode.c.h; path = WarriorClass.h; sourceTree = "<group>"; };
		31FA00A41ACA34220079A4E1 /* WarriorClass.m */ = {isa = PBXFileReference; fileEncoding = 4; lastKnownFileType = sourcecode.c.objc; path = WarriorClass.m; sourceTree = "<group>"; };
		31FA00A61ACA342F0079A4E1 /* TemplarClass.h */ = {isa = PBXFileReference; fileEncoding = 4; lastKnownFileType = sourcecode.c.h; path = TemplarClass.h; sourceTree = "<group>"; };
		31FA00A71ACA342F0079A4E1 /* TemplarClass.m */ = {isa = PBXFileReference; fileEncoding = 4; lastKnownFileType = sourcecode.c.objc; path = TemplarClass.m; sourceTree = "<group>"; };
/* End PBXFileReference section */

/* Begin PBXFrameworksBuildPhase section */
		31858D961AC0C46000426C57 /* Frameworks */ = {
			isa = PBXFrameworksBuildPhase;
			buildActionMask = 2147483647;
			files = (
			);
			runOnlyForDeploymentPostprocessing = 0;
		};
/* End PBXFrameworksBuildPhase section */

/* Begin PBXGroup section */
		313FC4B91AC4FA8D007B58E1 /* View Controllers */ = {
			isa = PBXGroup;
			children = (
				31FA00921AC9FAEA0079A4E1 /* CharacterCreation */,
				31858DC21AC0C90200426C57 /* QuestionnaireViewController.h */,
				31858DC31AC0C90200426C57 /* QuestionnaireViewController.m */,
				31FA00931AC9FE9D0079A4E1 /* LoadSaveGameViewController.h */,
				31FA00941AC9FE9D0079A4E1 /* LoadSaveGameViewController.m */,
				31858DA31AC0C46000426C57 /* MainMenuViewController.h */,
				31858DA41AC0C46000426C57 /* MainMenuViewController.m */,
			);
			name = "View Controllers";
			sourceTree = "<group>";
		};
		3166DB011AC65A44000E48D6 /* Utility */ = {
			isa = PBXGroup;
			children = (
				3166DAFE1AC65A3D000E48D6 /* Connector.h */,
				3166DAFF1AC65A3D000E48D6 /* Connector.m */,
			);
			name = Utility;
			sourceTree = "<group>";
		};
		31858D901AC0C46000426C57 = {
			isa = PBXGroup;
			children = (
				31858D9B1AC0C46000426C57 /* Knight's Fugue */,
				31858D9A1AC0C46000426C57 /* Products */,
			);
			sourceTree = "<group>";
		};
		31858D9A1AC0C46000426C57 /* Products */ = {
			isa = PBXGroup;
			children = (
				31858D991AC0C46000426C57 /* Knight's Fugue.app */,
			);
			name = Products;
			sourceTree = "<group>";
		};
		31858D9B1AC0C46000426C57 /* Knight's Fugue */ = {
			isa = PBXGroup;
			children = (
				31858DA01AC0C46000426C57 /* AppDelegate.h */,
				31858DA11AC0C46000426C57 /* AppDelegate.m */,
				313FC4B31AC4F385007B58E1 /* SavedGameData.h */,
				313FC4B41AC4F385007B58E1 /* SavedGameData.m */,
				31FA00991ACA27180079A4E1 /* Knight */,
				3166DB011AC65A44000E48D6 /* Utility */,
				313FC4B91AC4FA8D007B58E1 /* View Controllers */,
				31858DA61AC0C46000426C57 /* Main.storyboard */,
				31858DA91AC0C46000426C57 /* Images.xcassets */,
				31858D9C1AC0C46000426C57 /* Supporting Files */,
			);
			path = "Knight's Fugue";
			sourceTree = "<group>";
		};
		31858D9C1AC0C46000426C57 /* Supporting Files */ = {
			isa = PBXGroup;
			children = (
				3122159F1AC91BD20095086A /* Planewalker.otf */,
				3122159D1AC91AAE0095086A /* Modern Serif Eroded.ttf */,
				3166DAFC1AC6594C000E48D6 /* Knights Quest.ttf */,
				31858D9D1AC0C46000426C57 /* Info.plist */,
				31858D9E1AC0C46000426C57 /* main.m */,
			);
			name = "Supporting Files";
			sourceTree = "<group>";
		};
		31EE9D6B1AD06813004735E2 /* Classes */ = {
			isa = PBXGroup;
			children = (
				31FA00961ACA27100079A4E1 /* RogueClass.h */,
				31FA00971ACA27100079A4E1 /* RogueClass.m */,
				31FA009A1ACA2A590079A4E1 /* BerserkerClass.h */,
				31FA009B1ACA2A590079A4E1 /* BerserkerClass.m */,
				31FA009D1ACA33500079A4E1 /* MageClass.h */,
				31FA009E1ACA33500079A4E1 /* MageClass.m */,
				31FA00A01ACA340A0079A4E1 /* AssassinClass.h */,
				31FA00A11ACA340A0079A4E1 /* AssassinClass.m */,
				31FA00A31ACA34220079A4E1 /* WarriorClass.h */,
				31FA00A41ACA34220079A4E1 /* WarriorClass.m */,
				31FA00A61ACA342F0079A4E1 /* TemplarClass.h */,
				31FA00A71ACA342F0079A4E1 /* TemplarClass.m */,
			);
			name = Classes;
			sourceTree = "<group>";
		};
		31FA00921AC9FAEA0079A4E1 /* CharacterCreation */ = {
			isa = PBXGroup;
			children = (
				31858DC51AC0D71000426C57 /* CharacterCreationOverviewViewController.h */,
				31858DC61AC0D71000426C57 /* CharacterCreationOverviewViewController.m */,
				31FA008F1AC9F7A20079A4E1 /* CharacterCreationStatsViewController.h */,
				31FA00901AC9F7A20079A4E1 /* CharacterCreationStatsViewController.m */,
			);
			name = CharacterCreation;
			sourceTree = "<group>";
		};
		31FA00991ACA27180079A4E1 /* Knight */ = {
			isa = PBXGroup;
			children = (
				313FC4B61AC4FA80007B58E1 /* Knight.h */,
				313FC4B71AC4FA80007B58E1 /* Knight.m */,
				31EE9D6B1AD06813004735E2 /* Classes */,
			);
			name = Knight;
			sourceTree = "<group>";
		};
/* End PBXGroup section */

/* Begin PBXNativeTarget section */
		31858D981AC0C46000426C57 /* Knight's Fugue */ = {
			isa = PBXNativeTarget;
			buildConfigurationList = 31858DBC1AC0C46000426C57 /* Build configuration list for PBXNativeTarget "Knight's Fugue" */;
			buildPhases = (
				31858D951AC0C46000426C57 /* Sources */,
				31858D961AC0C46000426C57 /* Frameworks */,
				31858D971AC0C46000426C57 /* Resources */,
			);
			buildRules = (
			);
			dependencies = (
			);
			name = "Knight's Fugue";
			productName = "Knight's Fugue";
			productReference = 31858D991AC0C46000426C57 /* Knight's Fugue.app */;
			productType = "com.apple.product-type.application";
		};
/* End PBXNativeTarget section */

/* Begin PBXProject section */
		31858D911AC0C46000426C57 /* Project object */ = {
			isa = PBXProject;
			attributes = {
				LastUpgradeCheck = 0620;
				ORGANIZATIONNAME = "Marc Becker";
				TargetAttributes = {
					31858D981AC0C46000426C57 = {
						CreatedOnToolsVersion = 6.2;
					};
				};
			};
			buildConfigurationList = 31858D941AC0C46000426C57 /* Build configuration list for PBXProject "Knight's Fugue" */;
			compatibilityVersion = "Xcode 3.2";
			developmentRegion = English;
			hasScannedForEncodings = 0;
			knownRegions = (
				en,
				Base,
			);
			mainGroup = 31858D901AC0C46000426C57;
			productRefGroup = 31858D9A1AC0C46000426C57 /* Products */;
			projectDirPath = "";
			projectRoot = "";
			targets = (
				31858D981AC0C46000426C57 /* Knight's Fugue */,
			);
		};
/* End PBXProject section */

/* Begin PBXResourcesBuildPhase section */
		31858D971AC0C46000426C57 /* Resources */ = {
			isa = PBXResourcesBuildPhase;
			buildActionMask = 2147483647;
			files = (
				3122159E1AC91AAE0095086A /* Modern Serif Eroded.ttf in Resources */,
				312215A01AC91BD20095086A /* Planewalker.otf in Resources */,
				31858DA81AC0C46000426C57 /* Main.storyboard in Resources */,
				3166DAFD1AC6594C000E48D6 /* Knights Quest.ttf in Resources */,
				31858DAA1AC0C46000426C57 /* Images.xcassets in Resources */,
			);
			runOnlyForDeploymentPostprocessing = 0;
		};
/* End PBXResourcesBuildPhase section */

/* Begin PBXSourcesBuildPhase section */
		31858D951AC0C46000426C57 /* Sources */ = {
			isa = PBXSourcesBuildPhase;
			buildActionMask = 2147483647;
			files = (
				31858DA51AC0C46000426C57 /* MainMenuViewController.m in Sources */,
				3166DB001AC65A3D000E48D6 /* Connector.m in Sources */,
				31FA009F1ACA33500079A4E1 /* MageClass.m in Sources */,
				31858DA21AC0C46000426C57 /* AppDelegate.m in Sources */,
				31FA00A81ACA342F0079A4E1 /* TemplarClass.m in Sources */,
				313FC4B81AC4FA80007B58E1 /* Knight.m in Sources */,
				31FA00951AC9FE9D0079A4E1 /* LoadSaveGameViewController.m in Sources */,
				31858DC41AC0C90200426C57 /* QuestionnaireViewController.m in Sources */,
				31FA00911AC9F7A20079A4E1 /* CharacterCreationStatsViewController.m in Sources */,
				31FA00981ACA27100079A4E1 /* RogueClass.m in Sources */,
				313FC4B51AC4F385007B58E1 /* SavedGameData.m in Sources */,
				31858D9F1AC0C46000426C57 /* main.m in Sources */,
				31FA009C1ACA2A590079A4E1 /* BerserkerClass.m in Sources */,
				31FA00A51ACA34220079A4E1 /* WarriorClass.m in Sources */,
				31858DC71AC0D71000426C57 /* CharacterCreationOverviewViewController.m in Sources */,
				31FA00A21ACA340A0079A4E1 /* AssassinClass.m in Sources */,
			);
			runOnlyForDeploymentPostprocessing = 0;
		};
/* End PBXSourcesBuildPhase section */

/* Begin PBXVariantGroup section */
		31858DA61AC0C46000426C57 /* Main.storyboard */ = {
			isa = PBXVariantGroup;
			children = (
				31858DA71AC0C46000426C57 /* Base */,
			);
			name = Main.storyboard;
			sourceTree = "<group>";
		};
/* End PBXVariantGroup section */

/* Begin XCBuildConfiguration section */
		31858DBA1AC0C46000426C57 /* Debug */ = {
			isa = XCBuildConfiguration;
			buildSettings = {
				ALWAYS_SEARCH_USER_PATHS = NO;
				CLANG_CXX_LANGUAGE_STANDARD = "gnu++0x";
				CLANG_CXX_LIBRARY = "libc++";
				CLANG_ENABLE_MODULES = YES;
				CLANG_ENABLE_OBJC_ARC = YES;
				CLANG_WARN_BOOL_CONVERSION = YES;
				CLANG_WARN_CONSTANT_CONVERSION = YES;
				CLANG_WARN_DIRECT_OBJC_ISA_USAGE = YES_ERROR;
				CLANG_WARN_EMPTY_BODY = YES;
				CLANG_WARN_ENUM_CONVERSION = YES;
				CLANG_WARN_INT_CONVERSION = YES;
				CLANG_WARN_OBJC_ROOT_CLASS = YES_ERROR;
				CLANG_WARN_UNREACHABLE_CODE = YES;
				CLANG_WARN__DUPLICATE_METHOD_MATCH = YES;
				"CODE_SIGN_IDENTITY[sdk=iphoneos*]" = "iPhone Developer";
				COPY_PHASE_STRIP = NO;
				ENABLE_STRICT_OBJC_MSGSEND = YES;
				GCC_C_LANGUAGE_STANDARD = gnu99;
				GCC_DYNAMIC_NO_PIC = NO;
				GCC_OPTIMIZATION_LEVEL = 0;
				GCC_PREPROCESSOR_DEFINITIONS = (
					"DEBUG=1",
					"$(inherited)",
				);
				GCC_SYMBOLS_PRIVATE_EXTERN = NO;
				GCC_WARN_64_TO_32_BIT_CONVERSION = YES;
				GCC_WARN_ABOUT_RETURN_TYPE = YES_ERROR;
				GCC_WARN_UNDECLARED_SELECTOR = YES;
				GCC_WARN_UNINITIALIZED_AUTOS = YES_AGGRESSIVE;
				GCC_WARN_UNUSED_FUNCTION = YES;
				GCC_WARN_UNUSED_VARIABLE = YES;
				IPHONEOS_DEPLOYMENT_TARGET = 8.2;
				MTL_ENABLE_DEBUG_INFO = YES;
				ONLY_ACTIVE_ARCH = YES;
				SDKROOT = iphoneos;
				TARGETED_DEVICE_FAMILY = "1,2";
			};
			name = Debug;
		};
		31858DBB1AC0C46000426C57 /* Release */ = {
			isa = XCBuildConfiguration;
			buildSettings = {
				ALWAYS_SEARCH_USER_PATHS = NO;
				CLANG_CXX_LANGUAGE_STANDARD = "gnu++0x";
				CLANG_CXX_LIBRARY = "libc++";
				CLANG_ENABLE_MODULES = YES;
				CLANG_ENABLE_OBJC_ARC = YES;
				CLANG_WARN_BOOL_CONVERSION = YES;
				CLANG_WARN_CONSTANT_CONVERSION = YES;
				CLANG_WARN_DIRECT_OBJC_ISA_USAGE = YES_ERROR;
				CLANG_WARN_EMPTY_BODY = YES;
				CLANG_WARN_ENUM_CONVERSION = YES;
				CLANG_WARN_INT_CONVERSION = YES;
				CLANG_WARN_OBJC_ROOT_CLASS = YES_ERROR;
				CLANG_WARN_UNREACHABLE_CODE = YES;
				CLANG_WARN__DUPLICATE_METHOD_MATCH = YES;
				"CODE_SIGN_IDENTITY[sdk=iphoneos*]" = "iPhone Developer";
				COPY_PHASE_STRIP = NO;
				ENABLE_NS_ASSERTIONS = NO;
				ENABLE_STRICT_OBJC_MSGSEND = YES;
				GCC_C_LANGUAGE_STANDARD = gnu99;
				GCC_WARN_64_TO_32_BIT_CONVERSION = YES;
				GCC_WARN_ABOUT_RETURN_TYPE = YES_ERROR;
				GCC_WARN_UNDECLARED_SELECTOR = YES;
				GCC_WARN_UNINITIALIZED_AUTOS = YES_AGGRESSIVE;
				GCC_WARN_UNUSED_FUNCTION = YES;
				GCC_WARN_UNUSED_VARIABLE = YES;
				IPHONEOS_DEPLOYMENT_TARGET = 8.2;
				MTL_ENABLE_DEBUG_INFO = NO;
				SDKROOT = iphoneos;
				TARGETED_DEVICE_FAMILY = "1,2";
				VALIDATE_PRODUCT = YES;
			};
			name = Release;
		};
		31858DBD1AC0C46000426C57 /* Debug */ = {
			isa = XCBuildConfiguration;
			buildSettings = {
				ASSETCATALOG_COMPILER_APPICON_NAME = AppIcon;
				INFOPLIST_FILE = "Knight's Fugue/Info.plist";
				LD_RUNPATH_SEARCH_PATHS = "$(inherited) @executable_path/Frameworks";
				PRODUCT_NAME = "$(TARGET_NAME)";
			};
			name = Debug;
		};
		31858DBE1AC0C46000426C57 /* Release */ = {
			isa = XCBuildConfiguration;
			buildSettings = {
				ASSETCATALOG_COMPILER_APPICON_NAME = AppIcon;
				INFOPLIST_FILE = "Knight's Fugue/Info.plist";
				LD_RUNPATH_SEARCH_PATHS = "$(inherited) @executable_path/Frameworks";
				PRODUCT_NAME = "$(TARGET_NAME)";
			};
			name = Release;
		};
/* End XCBuildConfiguration section */

/* Begin XCConfigurationList section */
		31858D941AC0C46000426C57 /* Build configuration list for PBXProject "Knight's Fugue" */ = {
			isa = XCConfigurationList;
			buildConfigurations = (
				31858DBA1AC0C46000426C57 /* Debug */,
				31858DBB1AC0C46000426C57 /* Release */,
			);
			defaultConfigurationIsVisible = 0;
			defaultConfigurationName = Release;
		};
		31858DBC1AC0C46000426C57 /* Build configuration list for PBXNativeTarget "Knight's Fugue" */ = {
			isa = XCConfigurationList;
			buildConfigurations = (
				31858DBD1AC0C46000426C57 /* Debug */,
				31858DBE1AC0C46000426C57 /* Release */,
			);
			defaultConfigurationIsVisible = 0;
			defaultConfigurationName = Release;
		};
/* End XCConfigurationList section */
	};
	rootObject = 31858D911AC0C46000426C57 /* Project object */;
}
